
Microsoft Visual Studio Solution File, Format Version 12.00
# Visual Studio 15
VisualStudioVersion = 15.0.27130.2010
MinimumVisualStudioVersion = 10.0.40219.1
Project("{FAE04EC0-301F-11D3-BF4B-00C04F79EFBC}") = "Hogwarts", "Hogwarts\Hogwarts.csproj", "{CA8BB202-E54A-46D3-AF45-846A688D99B5}"
EndProject
Global
	GlobalSection(SolutionConfigurationPlatforms) = preSolution
		Debug|Any CPU = Debug|Any CPU
		Release|Any CPU = Release|Any CPU
	EndGlobalSection
	GlobalSection(ProjectConfigurationPlatforms) = postSolution
		{CA8BB202-E54A-46D3-AF45-846A688D99B5}.Debug|Any CPU.ActiveCfg = Debug|Any CPU
		{CA8BB202-E54A-46D3-AF45-846A688D99B5}.Debug|Any CPU.Build.0 = Debug|Any CPU
		{CA8BB202-E54A-46D3-AF45-846A688D99B5}.Release|Any CPU.ActiveCfg = Release|Any CPU
		{CA8BB202-E54A-46D3-AF45-846A688D99B5}.Release|Any CPU.Build.0 = Release|Any CPU
	EndGlobalSection
	GlobalSection(SolutionProperties) = preSolution
		HideSolutionNode = FALSE
	EndGlobalSection
	GlobalSection(ExtensibilityGlobals) = postSolution
		SolutionGuid = {FADD87BD-1F4C-4D79-A6CD-5D5CFFE69F90}
	EndGlobalSection
EndGlobal
